
Microsoft Visual Studio Solution File, Format Version 12.00
# Visual Studio Version 16
VisualStudioVersion = 16.0.31424.327
MinimumVisualStudioVersion = 10.0.40219.1
Project("{FAE04EC0-301F-11D3-BF4B-00C04F79EFBC}") = "RodDB", "RodDB\RodDB.csproj", "{0560ADD6-9331-45A8-ADAA-65ABA08EB768}"
EndProject
Global
	GlobalSection(SolutionConfigurationPlatforms) = preSolution
		Debug|Any CPU = Debug|Any CPU
		Release|Any CPU = Release|Any CPU
	EndGlobalSection
	GlobalSection(ProjectConfigurationPlatforms) = postSolution
		{0560ADD6-9331-45A8-ADAA-65ABA08EB768}.Debug|Any CPU.ActiveCfg = Debug|Any CPU
		{0560ADD6-9331-45A8-ADAA-65ABA08EB768}.Debug|Any CPU.Build.0 = Debug|Any CPU
		{0560ADD6-9331-45A8-ADAA-65ABA08EB768}.Release|Any CPU.ActiveCfg = Release|Any CPU
		{0560ADD6-9331-45A8-ADAA-65ABA08EB768}.Release|Any CPU.Build.0 = Release|Any CPU
	EndGlobalSection
	GlobalSection(SolutionProperties) = preSolution
		HideSolutionNode = FALSE
	EndGlobalSection
	GlobalSection(ExtensibilityGlobals) = postSolution
		SolutionGuid = {8B0D407E-8B8F-44A0-A936-99E0F828DBED}
	EndGlobalSection
EndGlobal
