
Microsoft Visual Studio Solution File, Format Version 12.00
# Visual Studio Version 16
VisualStudioVersion = 16.0.31424.327
MinimumVisualStudioVersion = 10.0.40219.1
Project("{FAE04EC0-301F-11D3-BF4B-00C04F79EFBC}") = "Cadastro_Usuario_Ex1", "Cadastro_Usuario_Ex1\Cadastro_Usuario_Ex1.csproj", "{3B64E257-4A1C-4892-9185-6BEC843B7A37}"
	ProjectSection(ProjectDependencies) = postProject
		{DC2BD33B-42B3-4BE7-B86D-2FC28DDB8B15} = {DC2BD33B-42B3-4BE7-B86D-2FC28DDB8B15}
	EndProjectSection
EndProject
Project("{FAE04EC0-301F-11D3-BF4B-00C04F79EFBC}") = "Data", "Data\Data.csproj", "{DC2BD33B-42B3-4BE7-B86D-2FC28DDB8B15}"
EndProject
Project("{FAE04EC0-301F-11D3-BF4B-00C04F79EFBC}") = "Web", "Web\Web.csproj", "{A864223A-752F-4711-8FF1-9E9628D900B1}"
EndProject
Global
	GlobalSection(SolutionConfigurationPlatforms) = preSolution
		Debug|Any CPU = Debug|Any CPU
		Release|Any CPU = Release|Any CPU
	EndGlobalSection
	GlobalSection(ProjectConfigurationPlatforms) = postSolution
		{3B64E257-4A1C-4892-9185-6BEC843B7A37}.Debug|Any CPU.ActiveCfg = Debug|Any CPU
		{3B64E257-4A1C-4892-9185-6BEC843B7A37}.Debug|Any CPU.Build.0 = Debug|Any CPU
		{3B64E257-4A1C-4892-9185-6BEC843B7A37}.Release|Any CPU.ActiveCfg = Release|Any CPU
		{3B64E257-4A1C-4892-9185-6BEC843B7A37}.Release|Any CPU.Build.0 = Release|Any CPU
		{DC2BD33B-42B3-4BE7-B86D-2FC28DDB8B15}.Debug|Any CPU.ActiveCfg = Debug|Any CPU
		{DC2BD33B-42B3-4BE7-B86D-2FC28DDB8B15}.Debug|Any CPU.Build.0 = Debug|Any CPU
		{DC2BD33B-42B3-4BE7-B86D-2FC28DDB8B15}.Release|Any CPU.ActiveCfg = Release|Any CPU
		{DC2BD33B-42B3-4BE7-B86D-2FC28DDB8B15}.Release|Any CPU.Build.0 = Release|Any CPU
		{A864223A-752F-4711-8FF1-9E9628D900B1}.Debug|Any CPU.ActiveCfg = Debug|Any CPU
		{A864223A-752F-4711-8FF1-9E9628D900B1}.Debug|Any CPU.Build.0 = Debug|Any CPU
		{A864223A-752F-4711-8FF1-9E9628D900B1}.Release|Any CPU.ActiveCfg = Release|Any CPU
		{A864223A-752F-4711-8FF1-9E9628D900B1}.Release|Any CPU.Build.0 = Release|Any CPU
	EndGlobalSection
	GlobalSection(SolutionProperties) = preSolution
		HideSolutionNode = FALSE
	EndGlobalSection
	GlobalSection(ExtensibilityGlobals) = postSolution
		SolutionGuid = {A4A46616-B1B9-4B4B-A39C-BC9E4DAD3ED0}
	EndGlobalSection
EndGlobal
