
Microsoft Visual Studio Solution File, Format Version 12.00
# Visual Studio Version 16
VisualStudioVersion = 16.0.31424.327
MinimumVisualStudioVersion = 10.0.40219.1
Project("{FAE04EC0-301F-11D3-BF4B-00C04F79EFBC}") = "MVC", "MVC\MVC.csproj", "{4FF49675-359D-446A-BD52-68C778E7FE39}"
EndProject
Global
	GlobalSection(SolutionConfigurationPlatforms) = preSolution
		Debug|Any CPU = Debug|Any CPU
		Release|Any CPU = Release|Any CPU
	EndGlobalSection
	GlobalSection(ProjectConfigurationPlatforms) = postSolution
		{4FF49675-359D-446A-BD52-68C778E7FE39}.Debug|Any CPU.ActiveCfg = Debug|Any CPU
		{4FF49675-359D-446A-BD52-68C778E7FE39}.Debug|Any CPU.Build.0 = Debug|Any CPU
		{4FF49675-359D-446A-BD52-68C778E7FE39}.Release|Any CPU.ActiveCfg = Release|Any CPU
		{4FF49675-359D-446A-BD52-68C778E7FE39}.Release|Any CPU.Build.0 = Release|Any CPU
	EndGlobalSection
	GlobalSection(SolutionProperties) = preSolution
		HideSolutionNode = FALSE
	EndGlobalSection
	GlobalSection(ExtensibilityGlobals) = postSolution
		SolutionGuid = {4332B98A-AF1C-4251-84C0-DF30E48F3E0A}
	EndGlobalSection
EndGlobal
